
Microsoft Visual Studio Solution File, Format Version 12.00
# Visual Studio Version 16
VisualStudioVersion = 16.0.28803.452
MinimumVisualStudioVersion = 10.0.40219.1
Project("{FAE04EC0-301F-11D3-BF4B-00C04F79EFBC}") = "SerialPortNotify", "SerialPortNotify\SerialPortNotify.csproj", "{806EED90-BA9D-4BB7-91EA-32EC9E09CA65}"
EndProject
Global
	GlobalSection(SolutionConfigurationPlatforms) = preSolution
		Debug|Any CPU = Debug|Any CPU
		Release|Any CPU = Release|Any CPU
	EndGlobalSection
	GlobalSection(ProjectConfigurationPlatforms) = postSolution
		{806EED90-BA9D-4BB7-91EA-32EC9E09CA65}.Debug|Any CPU.ActiveCfg = Debug|Any CPU
		{806EED90-BA9D-4BB7-91EA-32EC9E09CA65}.Debug|Any CPU.Build.0 = Debug|Any CPU
		{806EED90-BA9D-4BB7-91EA-32EC9E09CA65}.Release|Any CPU.ActiveCfg = Release|Any CPU
		{806EED90-BA9D-4BB7-91EA-32EC9E09CA65}.Release|Any CPU.Build.0 = Release|Any CPU
	EndGlobalSection
	GlobalSection(SolutionProperties) = preSolution
		HideSolutionNode = FALSE
	EndGlobalSection
	GlobalSection(ExtensibilityGlobals) = postSolution
		SolutionGuid = {EBE3D708-3179-4CC4-973E-0042D2E19AB4}
	EndGlobalSection
EndGlobal
